// !$*UTF8*$!
{
	archiveVersion = 1;
	classes = {
	};
	objectVersion = 46;
	objects = {

/* Begin PBXBuildFile section */
		196822A81D251FB60036218F /* main.m in Sources */ = {isa = PBXBuildFile; fileRef = 196822A71D251FB60036218F /* main.m */; };
/* End PBXBuildFile section */

/* Begin PBXCopyFilesBuildPhase section */
		196822A21D251FB60036218F /* CopyFiles */ = {
			isa = PBXCopyFilesBuildPhase;
			buildActionMask = 2147483647;
			dstPath = /usr/share/man/man1/;
			dstSubfolderSpec = 0;
			files = (
			);
			runOnlyForDeploymentPostprocessing = 1;
		};
/* End PBXCopyFilesBuildPhase section */

/* Begin PBXFileReference section */
		196822A41D251FB60036218F /* BloomBergC */ = {isa = PBXFileReference; explicitFileType = "compiled.mach-o.executable"; includeInIndex = 0; path = BloomBergC; sourceTree = BUILT_PRODUCTS_DIR; };
		196822A71D251FB60036218F /* main.m */ = {isa = PBXFileReference; lastKnownFileType = sourcecode.c.objc; path = main.m; sourceTree = "<group>"; };
		196822AE1D25205A0036218F /* input001.txt */ = {isa = PBXFileReference; fileEncoding = 4; lastKnownFileType = text; name = input001.txt; path = ../../../../Downloads/test_cases_8ag9roger2t/input001.txt; sourceTree = "<group>"; };
		196822AF1D25205A0036218F /* input002.txt */ = {isa = PBXFileReference; fileEncoding = 4; lastKnownFileType = text; name = input002.txt; path = ../../../../Downloads/test_cases_8ag9roger2t/input002.txt; sourceTree = "<group>"; };
		196822B01D25205A0036218F /* input003.txt */ = {isa = PBXFileReference; fileEncoding = 4; lastKnownFileType = text; name = input003.txt; path = ../../../../Downloads/test_cases_8ag9roger2t/input003.txt; sourceTree = "<group>"; };
		196822B11D25205A0036218F /* input004.txt */ = {isa = PBXFileReference; fileEncoding = 4; lastKnownFileType = text; name = input004.txt; path = ../../../../Downloads/test_cases_8ag9roger2t/input004.txt; sourceTree = "<group>"; };
		196822B21D25205A0036218F /* input005.txt */ = {isa = PBXFileReference; fileEncoding = 4; lastKnownFileType = text; name = input005.txt; path = ../../../../Downloads/test_cases_8ag9roger2t/input005.txt; sourceTree = "<group>"; };
/* End PBXFileReference section */

/* Begin PBXFrameworksBuildPhase section */
		196822A11D251FB60036218F /* Frameworks */ = {
			isa = PBXFrameworksBuildPhase;
			buildActionMask = 2147483647;
			files = (
			);
			runOnlyForDeploymentPostprocessing = 0;
		};
/* End PBXFrameworksBuildPhase section */

/* Begin PBXGroup section */
		1968229B1D251FB60036218F = {
			isa = PBXGroup;
			children = (
				196822A61D251FB60036218F /* BloomBergC */,
				196822A51D251FB60036218F /* Products */,
			);
			sourceTree = "<group>";
		};
		196822A51D251FB60036218F /* Products */ = {
			isa = PBXGroup;
			children = (
				196822A41D251FB60036218F /* BloomBergC */,
			);
			name = Products;
			sourceTree = "<group>";
		};
		196822A61D251FB60036218F /* BloomBergC */ = {
			isa = PBXGroup;
			children = (
				196822A71D251FB60036218F /* main.m */,
				196822AE1D25205A0036218F /* input001.txt */,
				196822AF1D25205A0036218F /* input002.txt */,
				196822B01D25205A0036218F /* input003.txt */,
				196822B11D25205A0036218F /* input004.txt */,
				196822B21D25205A0036218F /* input005.txt */,
			);
			path = BloomBergC;
			sourceTree = "<group>";
		};
/* End PBXGroup section */

/* Begin PBXNativeTarget section */
		196822A31D251FB60036218F /* BloomBergC */ = {
			isa = PBXNativeTarget;
			buildConfigurationList = 196822AB1D251FB60036218F /* Build configuration list for PBXNativeTarget "BloomBergC" */;
			buildPhases = (
				196822A01D251FB60036218F /* Sources */,
				196822A11D251FB60036218F /* Frameworks */,
				196822A21D251FB60036218F /* CopyFiles */,
			);
			buildRules = (
			);
			dependencies = (
			);
			name = BloomBergC;
			productName = BloomBergC;
			productReference = 196822A41D251FB60036218F /* BloomBergC */;
			productType = "com.apple.product-type.tool";
		};
/* End PBXNativeTarget section */

/* Begin PBXProject section */
		1968229C1D251FB60036218F /* Project object */ = {
			isa = PBXProject;
			attributes = {
				LastUpgradeCheck = 0730;
				ORGANIZATIONNAME = Bloomberg;
				TargetAttributes = {
					196822A31D251FB60036218F = {
						CreatedOnToolsVersion = 7.3.1;
					};
				};
			};
			buildConfigurationList = 1968229F1D251FB60036218F /* Build configuration list for PBXProject "BloomBergC" */;
			compatibilityVersion = "Xcode 3.2";
			developmentRegion = English;
			hasScannedForEncodings = 0;
			knownRegions = (
				en,
			);
			mainGroup = 1968229B1D251FB60036218F;
			productRefGroup = 196822A51D251FB60036218F /* Products */;
			projectDirPath = "";
			projectRoot = "";
			targets = (
				196822A31D251FB60036218F /* BloomBergC */,
			);
		};
/* End PBXProject section */

/* Begin PBXSourcesBuildPhase section */
		196822A01D251FB60036218F /* Sources */ = {
			isa = PBXSourcesBuildPhase;
			buildActionMask = 2147483647;
			files = (
				196822A81D251FB60036218F /* main.m in Sources */,
			);
			runOnlyForDeploymentPostprocessing = 0;
		};
/* End PBXSourcesBuildPhase section */

/* Begin XCBuildConfiguration section */
		196822A91D251FB60036218F /* Debug */ = {
			isa = XCBuildConfiguration;
			buildSettings = {
				ALWAYS_SEARCH_USER_PATHS = NO;
				CLANG_ANALYZER_NONNULL = YES;
				CLANG_CXX_LANGUAGE_STANDARD = "gnu++0x";
				CLANG_CXX_LIBRARY = "libc++";
				CLANG_ENABLE_MODULES = YES;
				CLANG_ENABLE_OBJC_ARC = YES;
				CLANG_WARN_BOOL_CONVERSION = YES;
				CLANG_WARN_CONSTANT_CONVERSION = YES;
				CLANG_WARN_DIRECT_OBJC_ISA_USAGE = YES_ERROR;
				CLANG_WARN_EMPTY_BODY = YES;
				CLANG_WARN_ENUM_CONVERSION = YES;
				CLANG_WARN_INT_CONVERSION = YES;
				CLANG_WARN_OBJC_ROOT_CLASS = YES_ERROR;
				CLANG_WARN_UNREACHABLE_CODE = YES;
				CLANG_WARN__DUPLICATE_METHOD_MATCH = YES;
				CODE_SIGN_IDENTITY = "-";
				COPY_PHASE_STRIP = NO;
				DEBUG_INFORMATION_FORMAT = dwarf;
				ENABLE_STRICT_OBJC_MSGSEND = YES;
				ENABLE_TESTABILITY = YES;
				GCC_C_LANGUAGE_STANDARD = gnu99;
				GCC_DYNAMIC_NO_PIC = NO;
				GCC_NO_COMMON_BLOCKS = YES;
				GCC_OPTIMIZATION_LEVEL = 0;
				GCC_PREPROCESSOR_DEFINITIONS = (
					"DEBUG=1",
					"$(inherited)",
				);
				GCC_WARN_64_TO_32_BIT_CONVERSION = YES;
				GCC_WARN_ABOUT_RETURN_TYPE = YES_ERROR;
				GCC_WARN_UNDECLARED_SELECTOR = YES;
				GCC_WARN_UNINITIALIZED_AUTOS = YES_AGGRESSIVE;
				GCC_WARN_UNUSED_FUNCTION = YES;
				GCC_WARN_UNUSED_VARIABLE = YES;
				MACOSX_DEPLOYMENT_TARGET = 10.11;
				MTL_ENABLE_DEBUG_INFO = YES;
				ONLY_ACTIVE_ARCH = YES;
				SDKROOT = macosx;
			};
			name = Debug;
		};
		196822AA1D251FB60036218F /* Release */ = {
			isa = XCBuildConfiguration;
			buildSettings = {
				ALWAYS_SEARCH_USER_PATHS = NO;
				CLANG_ANALYZER_NONNULL = YES;
				CLANG_CXX_LANGUAGE_STANDARD = "gnu++0x";
				CLANG_CXX_LIBRARY = "libc++";
				CLANG_ENABLE_MODULES = YES;
				CLANG_ENABLE_OBJC_ARC = YES;
				CLANG_WARN_BOOL_CONVERSION = YES;
				CLANG_WARN_CONSTANT_CONVERSION = YES;
				CLANG_WARN_DIRECT_OBJC_ISA_USAGE = YES_ERROR;
				CLANG_WARN_EMPTY_BODY = YES;
				CLANG_WARN_ENUM_CONVERSION = YES;
				CLANG_WARN_INT_CONVERSION = YES;
				CLANG_WARN_OBJC_ROOT_CLASS = YES_ERROR;
				CLANG_WARN_UNREACHABLE_CODE = YES;
				CLANG_WARN__DUPLICATE_METHOD_MATCH = YES;
				CODE_SIGN_IDENTITY = "-";
				COPY_PHASE_STRIP = NO;
				DEBUG_INFORMATION_FORMAT = "dwarf-with-dsym";
				ENABLE_NS_ASSERTIONS = NO;
				ENABLE_STRICT_OBJC_MSGSEND = YES;
				GCC_C_LANGUAGE_STANDARD = gnu99;
				GCC_NO_COMMON_BLOCKS = YES;
				GCC_WARN_64_TO_32_BIT_CONVERSION = YES;
				GCC_WARN_ABOUT_RETURN_TYPE = YES_ERROR;
				GCC_WARN_UNDECLARED_SELECTOR = YES;
				GCC_WARN_UNINITIALIZED_AUTOS = YES_AGGRESSIVE;
				GCC_WARN_UNUSED_FUNCTION = YES;
				GCC_WARN_UNUSED_VARIABLE = YES;
				MACOSX_DEPLOYMENT_TARGET = 10.11;
				MTL_ENABLE_DEBUG_INFO = NO;
				SDKROOT = macosx;
			};
			name = Release;
		};
		196822AC1D251FB60036218F /* Debug */ = {
			isa = XCBuildConfiguration;
			buildSettings = {
				PRODUCT_NAME = "$(TARGET_NAME)";
			};
			name = Debug;
		};
		196822AD1D251FB60036218F /* Release */ = {
			isa = XCBuildConfiguration;
			buildSettings = {
				PRODUCT_NAME = "$(TARGET_NAME)";
			};
			name = Release;
		};
/* End XCBuildConfiguration section */

/* Begin XCConfigurationList section */
		1968229F1D251FB60036218F /* Build configuration list for PBXProject "BloomBergC" */ = {
			isa = XCConfigurationList;
			buildConfigurations = (
				196822A91D251FB60036218F /* Debug */,
				196822AA1D251FB60036218F /* Release */,
			);
			defaultConfigurationIsVisible = 0;
			defaultConfigurationName = Release;
		};
		196822AB1D251FB60036218F /* Build configuration list for PBXNativeTarget "BloomBergC" */ = {
			isa = XCConfigurationList;
			buildConfigurations = (
				196822AC1D251FB60036218F /* Debug */,
				196822AD1D251FB60036218F /* Release */,
			);
			defaultConfigurationIsVisible = 0;
		};
/* End XCConfigurationList section */
	};
	rootObject = 1968229C1D251FB60036218F /* Project object */;
}
